
Microsoft Visual Studio Solution File, Format Version 12.00
# Visual Studio Version 16
VisualStudioVersion = 16.0.29102.190
MinimumVisualStudioVersion = 10.0.40219.1
Project("{FAE04EC0-301F-11D3-BF4B-00C04F79EFBC}") = "Notes.UWP", "Notes.UWP\Notes.UWP.csproj", "{B7D0A3DC-E3DD-4201-914E-996F822102DD}"
EndProject
Project("{FAE04EC0-301F-11D3-BF4B-00C04F79EFBC}") = "Notes.Android", "Notes.Android\Notes.Android.csproj", "{411BF8A7-9AFA-41B7-84AA-D2FFDAD0496A}"
EndProject
Project("{FAE04EC0-301F-11D3-BF4B-00C04F79EFBC}") = "Notes.iOS", "Notes.iOS\Notes.iOS.csproj", "{2EAE1C48-512A-4801-B0F5-63F889340BDF}"
EndProject
Project("{FAE04EC0-301F-11D3-BF4B-00C04F79EFBC}") = "Notes", "Notes\Notes.csproj", "{B25F23F9-30D3-4588-9D59-DD2BDD228119}"
EndProject
Project("{FAE04EC0-301F-11D3-BF4B-00C04F79EFBC}") = "Notes.MacOS", "Notes.MacOS\Notes.MacOS.csproj", "{133659DE-047F-445F-8180-89AFA83C4909}"
EndProject
Global
	GlobalSection(SolutionConfigurationPlatforms) = preSolution
		Debug|Any CPU = Debug|Any CPU
		Debug|ARM = Debug|ARM
		Debug|iPhone = Debug|iPhone
		Debug|iPhoneSimulator = Debug|iPhoneSimulator
		Debug|x64 = Debug|x64
		Debug|x86 = Debug|x86
		Release|Any CPU = Release|Any CPU
		Release|ARM = Release|ARM
		Release|iPhone = Release|iPhone
		Release|iPhoneSimulator = Release|iPhoneSimulator
		Release|x64 = Release|x64
		Release|x86 = Release|x86
	EndGlobalSection
	GlobalSection(ProjectConfigurationPlatforms) = postSolution
		{B7D0A3DC-E3DD-4201-914E-996F822102DD}.Debug|Any CPU.ActiveCfg = Debug|x86
		{B7D0A3DC-E3DD-4201-914E-996F822102DD}.Debug|Any CPU.Build.0 = Debug|x86
		{B7D0A3DC-E3DD-4201-914E-996F822102DD}.Debug|Any CPU.Deploy.0 = Debug|x86
		{B7D0A3DC-E3DD-4201-914E-996F822102DD}.Debug|ARM.ActiveCfg = Debug|ARM
		{B7D0A3DC-E3DD-4201-914E-996F822102DD}.Debug|ARM.Build.0 = Debug|ARM
		{B7D0A3DC-E3DD-4201-914E-996F822102DD}.Debug|ARM.Deploy.0 = Debug|ARM
		{B7D0A3DC-E3DD-4201-914E-996F822102DD}.Debug|iPhone.ActiveCfg = Debug|x86
		{B7D0A3DC-E3DD-4201-914E-996F822102DD}.Debug|iPhone.Build.0 = Debug|x86
		{B7D0A3DC-E3DD-4201-914E-996F822102DD}.Debug|iPhone.Deploy.0 = Debug|x86
		{B7D0A3DC-E3DD-4201-914E-996F822102DD}.Debug|iPhoneSimulator.ActiveCfg = Debug|x86
		{B7D0A3DC-E3DD-4201-914E-996F822102DD}.Debug|iPhoneSimulator.Build.0 = Debug|x86
		{B7D0A3DC-E3DD-4201-914E-996F822102DD}.Debug|iPhoneSimulator.Deploy.0 = Debug|x86
		{B7D0A3DC-E3DD-4201-914E-996F822102DD}.Debug|x64.ActiveCfg = Debug|x64
		{B7D0A3DC-E3DD-4201-914E-996F822102DD}.Debug|x64.Build.0 = Debug|x64
		{B7D0A3DC-E3DD-4201-914E-996F822102DD}.Debug|x64.Deploy.0 = Debug|x64
		{B7D0A3DC-E3DD-4201-914E-996F822102DD}.Debug|x86.ActiveCfg = Debug|x86
		{B7D0A3DC-E3DD-4201-914E-996F822102DD}.Debug|x86.Build.0 = Debug|x86
		{B7D0A3DC-E3DD-4201-914E-996F822102DD}.Debug|x86.Deploy.0 = Debug|x86
		{B7D0A3DC-E3DD-4201-914E-996F822102DD}.Release|Any CPU.ActiveCfg = Release|x86
		{B7D0A3DC-E3DD-4201-914E-996F822102DD}.Release|Any CPU.Build.0 = Release|x86
		{B7D0A3DC-E3DD-4201-914E-996F822102DD}.Release|Any CPU.Deploy.0 = Release|x86
		{B7D0A3DC-E3DD-4201-914E-996F822102DD}.Release|ARM.ActiveCfg = Release|ARM
		{B7D0A3DC-E3DD-4201-914E-996F822102DD}.Release|ARM.Build.0 = Release|ARM
		{B7D0A3DC-E3DD-4201-914E-996F822102DD}.Release|ARM.Deploy.0 = Release|ARM
		{B7D0A3DC-E3DD-4201-914E-996F822102DD}.Release|iPhone.ActiveCfg = Release|x86
		{B7D0A3DC-E3DD-4201-914E-996F822102DD}.Release|iPhone.Build.0 = Release|x86
		{B7D0A3DC-E3DD-4201-914E-996F822102DD}.Release|iPhone.Deploy.0 = Release|x86
		{B7D0A3DC-E3DD-4201-914E-996F822102DD}.Release|iPhoneSimulator.ActiveCfg = Release|x86
		{B7D0A3DC-E3DD-4201-914E-996F822102DD}.Release|iPhoneSimulator.Build.0 = Release|x86
		{B7D0A3DC-E3DD-4201-914E-996F822102DD}.Release|iPhoneSimulator.Deploy.0 = Release|x86
		{B7D0A3DC-E3DD-4201-914E-996F822102DD}.Release|x64.ActiveCfg = Release|x64
		{B7D0A3DC-E3DD-4201-914E-996F822102DD}.Release|x64.Build.0 = Release|x64
		{B7D0A3DC-E3DD-4201-914E-996F822102DD}.Release|x64.Deploy.0 = Release|x64
		{B7D0A3DC-E3DD-4201-914E-996F822102DD}.Release|x86.ActiveCfg = Release|x86
		{B7D0A3DC-E3DD-4201-914E-996F822102DD}.Release|x86.Build.0 = Release|x86
		{B7D0A3DC-E3DD-4201-914E-996F822102DD}.Release|x86.Deploy.0 = Release|x86
		{411BF8A7-9AFA-41B7-84AA-D2FFDAD0496A}.Debug|Any CPU.ActiveCfg = Debug|Any CPU
		{411BF8A7-9AFA-41B7-84AA-D2FFDAD0496A}.Debug|Any CPU.Build.0 = Debug|Any CPU
		{411BF8A7-9AFA-41B7-84AA-D2FFDAD0496A}.Debug|Any CPU.Deploy.0 = Debug|Any CPU
		{411BF8A7-9AFA-41B7-84AA-D2FFDAD0496A}.Debug|ARM.ActiveCfg = Debug|Any CPU
		{411BF8A7-9AFA-41B7-84AA-D2FFDAD0496A}.Debug|ARM.Build.0 = Debug|Any CPU
		{411BF8A7-9AFA-41B7-84AA-D2FFDAD0496A}.Debug|ARM.Deploy.0 = Debug|Any CPU
		{411BF8A7-9AFA-41B7-84AA-D2FFDAD0496A}.Debug|iPhone.ActiveCfg = Debug|Any CPU
		{411BF8A7-9AFA-41B7-84AA-D2FFDAD0496A}.Debug|iPhone.Build.0 = Debug|Any CPU
		{411BF8A7-9AFA-41B7-84AA-D2FFDAD0496A}.Debug|iPhone.Deploy.0 = Debug|Any CPU
		{411BF8A7-9AFA-41B7-84AA-D2FFDAD0496A}.Debug|iPhoneSimulator.ActiveCfg = Debug|Any CPU
		{411BF8A7-9AFA-41B7-84AA-D2FFDAD0496A}.Debug|iPhoneSimulator.Build.0 = Debug|Any CPU
		{411BF8A7-9AFA-41B7-84AA-D2FFDAD0496A}.Debug|iPhoneSimulator.Deploy.0 = Debug|Any CPU
		{411BF8A7-9AFA-41B7-84AA-D2FFDAD0496A}.Debug|x64.ActiveCfg = Debug|Any CPU
		{411BF8A7-9AFA-41B7-84AA-D2FFDAD0496A}.Debug|x64.Build.0 = Debug|Any CPU
		{411BF8A7-9AFA-41B7-84AA-D2FFDAD0496A}.Debug|x64.Deploy.0 = Debug|Any CPU
		{411BF8A7-9AFA-41B7-84AA-D2FFDAD0496A}.Debug|x86.ActiveCfg = Debug|Any CPU
		{411BF8A7-9AFA-41B7-84AA-D2FFDAD0496A}.Debug|x86.Build.0 = Debug|Any CPU
		{411BF8A7-9AFA-41B7-84AA-D2FFDAD0496A}.Debug|x86.Deploy.0 = Debug|Any CPU
		{411BF8A7-9AFA-41B7-84AA-D2FFDAD0496A}.Release|Any CPU.ActiveCfg = Release|Any CPU
		{411BF8A7-9AFA-41B7-84AA-D2FFDAD0496A}.Release|Any CPU.Build.0 = Release|Any CPU
		{411BF8A7-9AFA-41B7-84AA-D2FFDAD0496A}.Release|Any CPU.Deploy.0 = Release|Any CPU
		{411BF8A7-9AFA-41B7-84AA-D2FFDAD0496A}.Release|ARM.ActiveCfg = Release|Any CPU
		{411BF8A7-9AFA-41B7-84AA-D2FFDAD0496A}.Release|ARM.Build.0 = Release|Any CPU
		{411BF8A7-9AFA-41B7-84AA-D2FFDAD0496A}.Release|ARM.Deploy.0 = Release|Any CPU
		{411BF8A7-9AFA-41B7-84AA-D2FFDAD0496A}.Release|iPhone.ActiveCfg = Release|Any CPU
		{411BF8A7-9AFA-41B7-84AA-D2FFDAD0496A}.Release|iPhone.Build.0 = Release|Any CPU
		{411BF8A7-9AFA-41B7-84AA-D2FFDAD0496A}.Release|iPhone.Deploy.0 = Release|Any CPU
		{411BF8A7-9AFA-41B7-84AA-D2FFDAD0496A}.Release|iPhoneSimulator.ActiveCfg = Release|Any CPU
		{411BF8A7-9AFA-41B7-84AA-D2FFDAD0496A}.Release|iPhoneSimulator.Build.0 = Release|Any CPU
		{411BF8A7-9AFA-41B7-84AA-D2FFDAD0496A}.Release|iPhoneSimulator.Deploy.0 = Release|Any CPU
		{411BF8A7-9AFA-41B7-84AA-D2FFDAD0496A}.Release|x64.ActiveCfg = Release|Any CPU
		{411BF8A7-9AFA-41B7-84AA-D2FFDAD0496A}.Release|x64.Build.0 = Release|Any CPU
		{411BF8A7-9AFA-41B7-84AA-D2FFDAD0496A}.Release|x64.Deploy.0 = Release|Any CPU
		{411BF8A7-9AFA-41B7-84AA-D2FFDAD0496A}.Release|x86.ActiveCfg = Release|Any CPU
		{411BF8A7-9AFA-41B7-84AA-D2FFDAD0496A}.Release|x86.Build.0 = Release|Any CPU
		{411BF8A7-9AFA-41B7-84AA-D2FFDAD0496A}.Release|x86.Deploy.0 = Release|Any CPU
		{2EAE1C48-512A-4801-B0F5-63F889340BDF}.Debug|Any CPU.ActiveCfg = Debug|iPhone
		{2EAE1C48-512A-4801-B0F5-63F889340BDF}.Debug|Any CPU.Build.0 = Debug|iPhone
		{2EAE1C48-512A-4801-B0F5-63F889340BDF}.Debug|Any CPU.Deploy.0 = Debug|iPhone
		{2EAE1C48-512A-4801-B0F5-63F889340BDF}.Debug|ARM.ActiveCfg = Debug|iPhoneSimulator
		{2EAE1C48-512A-4801-B0F5-63F889340BDF}.Debug|ARM.Build.0 = Debug|iPhoneSimulator
		{2EAE1C48-512A-4801-B0F5-63F889340BDF}.Debug|ARM.Deploy.0 = Debug|iPhoneSimulator
		{2EAE1C48-512A-4801-B0F5-63F889340BDF}.Debug|iPhone.ActiveCfg = Debug|iPhone
		{2EAE1C48-512A-4801-B0F5-63F889340BDF}.Debug|iPhone.Build.0 = Debug|iPhone
		{2EAE1C48-512A-4801-B0F5-63F889340BDF}.Debug|iPhone.Deploy.0 = Debug|iPhone
		{2EAE1C48-512A-4801-B0F5-63F889340BDF}.Debug|iPhoneSimulator.ActiveCfg = Debug|iPhoneSimulator
		{2EAE1C48-512A-4801-B0F5-63F889340BDF}.Debug|iPhoneSimulator.Build.0 = Debug|iPhoneSimulator
		{2EAE1C48-512A-4801-B0F5-63F889340BDF}.Debug|iPhoneSimulator.Deploy.0 = Debug|iPhoneSimulator
		{2EAE1C48-512A-4801-B0F5-63F889340BDF}.Debug|x64.ActiveCfg = Debug|iPhone
		{2EAE1C48-512A-4801-B0F5-63F889340BDF}.Debug|x64.Build.0 = Debug|iPhone
		{2EAE1C48-512A-4801-B0F5-63F889340BDF}.Debug|x64.Deploy.0 = Debug|iPhone
		{2EAE1C48-512A-4801-B0F5-63F889340BDF}.Debug|x86.ActiveCfg = Debug|iPhone
		{2EAE1C48-512A-4801-B0F5-63F889340BDF}.Debug|x86.Build.0 = Debug|iPhone
		{2EAE1C48-512A-4801-B0F5-63F889340BDF}.Debug|x86.Deploy.0 = Debug|iPhone
		{2EAE1C48-512A-4801-B0F5-63F889340BDF}.Release|Any CPU.ActiveCfg = Release|iPhone
		{2EAE1C48-512A-4801-B0F5-63F889340BDF}.Release|Any CPU.Build.0 = Release|iPhone
		{2EAE1C48-512A-4801-B0F5-63F889340BDF}.Release|Any CPU.Deploy.0 = Release|iPhone
		{2EAE1C48-512A-4801-B0F5-63F889340BDF}.Release|ARM.ActiveCfg = Release|iPhone
		{2EAE1C48-512A-4801-B0F5-63F889340BDF}.Release|ARM.Build.0 = Release|iPhone
		{2EAE1C48-512A-4801-B0F5-63F889340BDF}.Release|ARM.Deploy.0 = Release|iPhone
		{2EAE1C48-512A-4801-B0F5-63F889340BDF}.Release|iPhone.ActiveCfg = Release|iPhone
		{2EAE1C48-512A-4801-B0F5-63F889340BDF}.Release|iPhone.Build.0 = Release|iPhone
		{2EAE1C48-512A-4801-B0F5-63F889340BDF}.Release|iPhone.Deploy.0 = Release|iPhone
		{2EAE1C48-512A-4801-B0F5-63F889340BDF}.Release|iPhoneSimulator.ActiveCfg = Release|iPhoneSimulator
		{2EAE1C48-512A-4801-B0F5-63F889340BDF}.Release|iPhoneSimulator.Build.0 = Release|iPhoneSimulator
		{2EAE1C48-512A-4801-B0F5-63F889340BDF}.Release|iPhoneSimulator.Deploy.0 = Release|iPhoneSimulator
		{2EAE1C48-512A-4801-B0F5-63F889340BDF}.Release|x64.ActiveCfg = Release|iPhone
		{2EAE1C48-512A-4801-B0F5-63F889340BDF}.Release|x64.Build.0 = Release|iPhone
		{2EAE1C48-512A-4801-B0F5-63F889340BDF}.Release|x64.Deploy.0 = Release|iPhone
		{2EAE1C48-512A-4801-B0F5-63F889340BDF}.Release|x86.ActiveCfg = Release|iPhone
		{2EAE1C48-512A-4801-B0F5-63F889340BDF}.Release|x86.Build.0 = Release|iPhone
		{2EAE1C48-512A-4801-B0F5-63F889340BDF}.Release|x86.Deploy.0 = Release|iPhone
		{B25F23F9-30D3-4588-9D59-DD2BDD228119}.Debug|Any CPU.ActiveCfg = Debug|Any CPU
		{B25F23F9-30D3-4588-9D59-DD2BDD228119}.Debug|Any CPU.Build.0 = Debug|Any CPU
		{B25F23F9-30D3-4588-9D59-DD2BDD228119}.Debug|Any CPU.Deploy.0 = Debug|Any CPU
		{B25F23F9-30D3-4588-9D59-DD2BDD228119}.Debug|ARM.ActiveCfg = Debug|Any CPU
		{B25F23F9-30D3-4588-9D59-DD2BDD228119}.Debug|ARM.Build.0 = Debug|Any CPU
		{B25F23F9-30D3-4588-9D59-DD2BDD228119}.Debug|ARM.Deploy.0 = Debug|Any CPU
		{B25F23F9-30D3-4588-9D59-DD2BDD228119}.Debug|iPhone.ActiveCfg = Debug|Any CPU
		{B25F23F9-30D3-4588-9D59-DD2BDD228119}.Debug|iPhone.Build.0 = Debug|Any CPU
		{B25F23F9-30D3-4588-9D59-DD2BDD228119}.Debug|iPhone.Deploy.0 = Debug|Any CPU
		{B25F23F9-30D3-4588-9D59-DD2BDD228119}.Debug|iPhoneSimulator.ActiveCfg = Debug|Any CPU
		{B25F23F9-30D3-4588-9D59-DD2BDD228119}.Debug|iPhoneSimulator.Build.0 = Debug|Any CPU
		{B25F23F9-30D3-4588-9D59-DD2BDD228119}.Debug|iPhoneSimulator.Deploy.0 = Debug|Any CPU
		{B25F23F9-30D3-4588-9D59-DD2BDD228119}.Debug|x64.ActiveCfg = Debug|Any CPU
		{B25F23F9-30D3-4588-9D59-DD2BDD228119}.Debug|x64.Build.0 = Debug|Any CPU
		{B25F23F9-30D3-4588-9D59-DD2BDD228119}.Debug|x64.Deploy.0 = Debug|Any CPU
		{B25F23F9-30D3-4588-9D59-DD2BDD228119}.Debug|x86.ActiveCfg = Debug|Any CPU
		{B25F23F9-30D3-4588-9D59-DD2BDD228119}.Debug|x86.Build.0 = Debug|Any CPU
		{B25F23F9-30D3-4588-9D59-DD2BDD228119}.Debug|x86.Deploy.0 = Debug|Any CPU
		{B25F23F9-30D3-4588-9D59-DD2BDD228119}.Release|Any CPU.ActiveCfg = Release|Any CPU
		{B25F23F9-30D3-4588-9D59-DD2BDD228119}.Release|Any CPU.Build.0 = Release|Any CPU
		{B25F23F9-30D3-4588-9D59-DD2BDD228119}.Release|Any CPU.Deploy.0 = Release|Any CPU
		{B25F23F9-30D3-4588-9D59-DD2BDD228119}.Release|ARM.ActiveCfg = Release|Any CPU
		{B25F23F9-30D3-4588-9D59-DD2BDD228119}.Release|ARM.Build.0 = Release|Any CPU
		{B25F23F9-30D3-4588-9D59-DD2BDD228119}.Release|ARM.Deploy.0 = Release|Any CPU
		{B25F23F9-30D3-4588-9D59-DD2BDD228119}.Release|iPhone.ActiveCfg = Release|Any CPU
		{B25F23F9-30D3-4588-9D59-DD2BDD228119}.Release|iPhone.Build.0 = Release|Any CPU
		{B25F23F9-30D3-4588-9D59-DD2BDD228119}.Release|iPhone.Deploy.0 = Release|Any CPU
		{B25F23F9-30D3-4588-9D59-DD2BDD228119}.Release|iPhoneSimulator.ActiveCfg = Release|Any CPU
		{B25F23F9-30D3-4588-9D59-DD2BDD228119}.Release|iPhoneSimulator.Build.0 = Release|Any CPU
		{B25F23F9-30D3-4588-9D59-DD2BDD228119}.Release|iPhoneSimulator.Deploy.0 = Release|Any CPU
		{B25F23F9-30D3-4588-9D59-DD2BDD228119}.Release|x64.ActiveCfg = Release|Any CPU
		{B25F23F9-30D3-4588-9D59-DD2BDD228119}.Release|x64.Build.0 = Release|Any CPU
		{B25F23F9-30D3-4588-9D59-DD2BDD228119}.Release|x64.Deploy.0 = Release|Any CPU
		{B25F23F9-30D3-4588-9D59-DD2BDD228119}.Release|x86.ActiveCfg = Release|Any CPU
		{B25F23F9-30D3-4588-9D59-DD2BDD228119}.Release|x86.Build.0 = Release|Any CPU
		{B25F23F9-30D3-4588-9D59-DD2BDD228119}.Release|x86.Deploy.0 = Release|Any CPU
		{133659DE-047F-445F-8180-89AFA83C4909}.Debug|Any CPU.ActiveCfg = Debug|Any CPU
		{133659DE-047F-445F-8180-89AFA83C4909}.Debug|Any CPU.Build.0 = Debug|Any CPU
		{133659DE-047F-445F-8180-89AFA83C4909}.Debug|ARM.ActiveCfg = Debug|Any CPU
		{133659DE-047F-445F-8180-89AFA83C4909}.Debug|ARM.Build.0 = Debug|Any CPU
		{133659DE-047F-445F-8180-89AFA83C4909}.Debug|iPhone.ActiveCfg = Debug|Any CPU
		{133659DE-047F-445F-8180-89AFA83C4909}.Debug|iPhone.Build.0 = Debug|Any CPU
		{133659DE-047F-445F-8180-89AFA83C4909}.Debug|iPhoneSimulator.ActiveCfg = Debug|Any CPU
		{133659DE-047F-445F-8180-89AFA83C4909}.Debug|iPhoneSimulator.Build.0 = Debug|Any CPU
		{133659DE-047F-445F-8180-89AFA83C4909}.Debug|x64.ActiveCfg = Debug|Any CPU
		{133659DE-047F-445F-8180-89AFA83C4909}.Debug|x64.Build.0 = Debug|Any CPU
		{133659DE-047F-445F-8180-89AFA83C4909}.Debug|x86.ActiveCfg = Debug|Any CPU
		{133659DE-047F-445F-8180-89AFA83C4909}.Debug|x86.Build.0 = Debug|Any CPU
		{133659DE-047F-445F-8180-89AFA83C4909}.Release|Any CPU.ActiveCfg = Release|Any CPU
		{133659DE-047F-445F-8180-89AFA83C4909}.Release|Any CPU.Build.0 = Release|Any CPU
		{133659DE-047F-445F-8180-89AFA83C4909}.Release|ARM.ActiveCfg = Release|Any CPU
		{133659DE-047F-445F-8180-89AFA83C4909}.Release|ARM.Build.0 = Release|Any CPU
		{133659DE-047F-445F-8180-89AFA83C4909}.Release|iPhone.ActiveCfg = Release|Any CPU
		{133659DE-047F-445F-8180-89AFA83C4909}.Release|iPhone.Build.0 = Release|Any CPU
		{133659DE-047F-445F-8180-89AFA83C4909}.Release|iPhoneSimulator.ActiveCfg = Release|Any CPU
		{133659DE-047F-445F-8180-89AFA83C4909}.Release|iPhoneSimulator.Build.0 = Release|Any CPU
		{133659DE-047F-445F-8180-89AFA83C4909}.Release|x64.ActiveCfg = Release|Any CPU
		{133659DE-047F-445F-8180-89AFA83C4909}.Release|x64.Build.0 = Release|Any CPU
		{133659DE-047F-445F-8180-89AFA83C4909}.Release|x86.ActiveCfg = Release|Any CPU
		{133659DE-047F-445F-8180-89AFA83C4909}.Release|x86.Build.0 = Release|Any CPU
	EndGlobalSection
	GlobalSection(SolutionProperties) = preSolution
		HideSolutionNode = FALSE
	EndGlobalSection
	GlobalSection(ExtensibilityGlobals) = postSolution
		SolutionGuid = {595597C6-94A2-4CB3-A342-5D129A309A8A}
	EndGlobalSection
EndGlobal
